
Microsoft Visual Studio Solution File, Format Version 12.00
# Visual Studio Version 17
VisualStudioVersion = 17.14.36414.22 d17.14
MinimumVisualStudioVersion = 10.0.40219.1
Project("{FAE04EC0-301F-11D3-BF4B-00C04F79EFBC}") = "Grade_Calculator", "Grade_Calculator\Grade_Calculator.csproj", "{B6B0134A-D650-45E0-A8D3-9597C472B382}"
EndProject
Global
	GlobalSection(SolutionConfigurationPlatforms) = preSolution
		Debug|Any CPU = Debug|Any CPU
		Release|Any CPU = Release|Any CPU
	EndGlobalSection
	GlobalSection(ProjectConfigurationPlatforms) = postSolution
		{B6B0134A-D650-45E0-A8D3-9597C472B382}.Debug|Any CPU.ActiveCfg = Debug|Any CPU
		{B6B0134A-D650-45E0-A8D3-9597C472B382}.Debug|Any CPU.Build.0 = Debug|Any CPU
		{B6B0134A-D650-45E0-A8D3-9597C472B382}.Release|Any CPU.ActiveCfg = Release|Any CPU
		{B6B0134A-D650-45E0-A8D3-9597C472B382}.Release|Any CPU.Build.0 = Release|Any CPU
	EndGlobalSection
	GlobalSection(SolutionProperties) = preSolution
		HideSolutionNode = FALSE
	EndGlobalSection
	GlobalSection(ExtensibilityGlobals) = postSolution
		SolutionGuid = {978FA841-FB37-443F-971F-ABBC8A78D254}
	EndGlobalSection
EndGlobal
